
Microsoft Visual Studio Solution File, Format Version 12.00
# Visual Studio 2013
VisualStudioVersion = 12.0.21005.1
MinimumVisualStudioVersion = 10.0.40219.1
Project("{FAE04EC0-301F-11D3-BF4B-00C04F79EFBC}") = "TextDigits", "SimpleIf_s\TextDigits.csproj", "{B163FC1E-9B65-4158-8F4A-078C68CE89B3}"
EndProject
Project("{FAE04EC0-301F-11D3-BF4B-00C04F79EFBC}") = "BonusPoints", "BonusPoints\BonusPoints.csproj", "{2B76C52B-8686-4059-B92C-636F9B513ED2}"
EndProject
Project("{FAE04EC0-301F-11D3-BF4B-00C04F79EFBC}") = "SumSeconds", "SumSeconds\SumSeconds.csproj", "{FCBF45E2-1ACD-42AE-999A-33968CAFF157}"
EndProject
Project("{FAE04EC0-301F-11D3-BF4B-00C04F79EFBC}") = "ConvertMetric", "ConvertMetric\ConvertMetric.csproj", "{C0888745-3E1B-4CFE-8170-556DB2A9FAAA}"
EndProject
Project("{FAE04EC0-301F-11D3-BF4B-00C04F79EFBC}") = "GuessThePassoword", "GuessThePassoword\GuessThePassoword.csproj", "{10081296-81CC-43C8-8B68-9CA552188945}"
EndProject
Project("{FAE04EC0-301F-11D3-BF4B-00C04F79EFBC}") = "Tasks", "Tasks\Tasks.csproj", "{80E97C43-E97D-413B-8F34-B9D7CA29272E}"
EndProject
Global
	GlobalSection(SolutionConfigurationPlatforms) = preSolution
		Debug|Any CPU = Debug|Any CPU
		Release|Any CPU = Release|Any CPU
	EndGlobalSection
	GlobalSection(ProjectConfigurationPlatforms) = postSolution
		{B163FC1E-9B65-4158-8F4A-078C68CE89B3}.Debug|Any CPU.ActiveCfg = Debug|Any CPU
		{B163FC1E-9B65-4158-8F4A-078C68CE89B3}.Debug|Any CPU.Build.0 = Debug|Any CPU
		{B163FC1E-9B65-4158-8F4A-078C68CE89B3}.Release|Any CPU.ActiveCfg = Release|Any CPU
		{B163FC1E-9B65-4158-8F4A-078C68CE89B3}.Release|Any CPU.Build.0 = Release|Any CPU
		{2B76C52B-8686-4059-B92C-636F9B513ED2}.Debug|Any CPU.ActiveCfg = Debug|Any CPU
		{2B76C52B-8686-4059-B92C-636F9B513ED2}.Debug|Any CPU.Build.0 = Debug|Any CPU
		{2B76C52B-8686-4059-B92C-636F9B513ED2}.Release|Any CPU.ActiveCfg = Release|Any CPU
		{2B76C52B-8686-4059-B92C-636F9B513ED2}.Release|Any CPU.Build.0 = Release|Any CPU
		{FCBF45E2-1ACD-42AE-999A-33968CAFF157}.Debug|Any CPU.ActiveCfg = Debug|Any CPU
		{FCBF45E2-1ACD-42AE-999A-33968CAFF157}.Debug|Any CPU.Build.0 = Debug|Any CPU
		{FCBF45E2-1ACD-42AE-999A-33968CAFF157}.Release|Any CPU.ActiveCfg = Release|Any CPU
		{FCBF45E2-1ACD-42AE-999A-33968CAFF157}.Release|Any CPU.Build.0 = Release|Any CPU
		{C0888745-3E1B-4CFE-8170-556DB2A9FAAA}.Debug|Any CPU.ActiveCfg = Debug|Any CPU
		{C0888745-3E1B-4CFE-8170-556DB2A9FAAA}.Debug|Any CPU.Build.0 = Debug|Any CPU
		{C0888745-3E1B-4CFE-8170-556DB2A9FAAA}.Release|Any CPU.ActiveCfg = Release|Any CPU
		{C0888745-3E1B-4CFE-8170-556DB2A9FAAA}.Release|Any CPU.Build.0 = Release|Any CPU
		{10081296-81CC-43C8-8B68-9CA552188945}.Debug|Any CPU.ActiveCfg = Debug|Any CPU
		{10081296-81CC-43C8-8B68-9CA552188945}.Debug|Any CPU.Build.0 = Debug|Any CPU
		{10081296-81CC-43C8-8B68-9CA552188945}.Release|Any CPU.ActiveCfg = Release|Any CPU
		{10081296-81CC-43C8-8B68-9CA552188945}.Release|Any CPU.Build.0 = Release|Any CPU
		{80E97C43-E97D-413B-8F34-B9D7CA29272E}.Debug|Any CPU.ActiveCfg = Debug|Any CPU
		{80E97C43-E97D-413B-8F34-B9D7CA29272E}.Debug|Any CPU.Build.0 = Debug|Any CPU
		{80E97C43-E97D-413B-8F34-B9D7CA29272E}.Release|Any CPU.ActiveCfg = Release|Any CPU
		{80E97C43-E97D-413B-8F34-B9D7CA29272E}.Release|Any CPU.Build.0 = Release|Any CPU
	EndGlobalSection
	GlobalSection(SolutionProperties) = preSolution
		HideSolutionNode = FALSE
	EndGlobalSection
EndGlobal
