
Microsoft Visual Studio Solution File, Format Version 12.00
# Visual Studio 2013
VisualStudioVersion = 12.0.21005.1
MinimumVisualStudioVersion = 10.0.40219.1
Project("{FAE04EC0-301F-11D3-BF4B-00C04F79EFBC}") = "Inside_the_Building", "Inside_the_Building\Inside_the_Building.csproj", "{FCA35AE9-3EC6-4163-9A12-F5CD795FAF61}"
EndProject
Global
	GlobalSection(SolutionConfigurationPlatforms) = preSolution
		Debug|Any CPU = Debug|Any CPU
		Release|Any CPU = Release|Any CPU
	EndGlobalSection
	GlobalSection(ProjectConfigurationPlatforms) = postSolution
		{FCA35AE9-3EC6-4163-9A12-F5CD795FAF61}.Debug|Any CPU.ActiveCfg = Debug|Any CPU
		{FCA35AE9-3EC6-4163-9A12-F5CD795FAF61}.Debug|Any CPU.Build.0 = Debug|Any CPU
		{FCA35AE9-3EC6-4163-9A12-F5CD795FAF61}.Release|Any CPU.ActiveCfg = Release|Any CPU
		{FCA35AE9-3EC6-4163-9A12-F5CD795FAF61}.Release|Any CPU.Build.0 = Release|Any CPU
	EndGlobalSection
	GlobalSection(SolutionProperties) = preSolution
		HideSolutionNode = FALSE
	EndGlobalSection
EndGlobal
