
Microsoft Visual Studio Solution File, Format Version 12.00
# Visual Studio 2013
VisualStudioVersion = 12.0.21005.1
MinimumVisualStudioVersion = 10.0.40219.1
Project("{FAE04EC0-301F-11D3-BF4B-00C04F79EFBC}") = "SaltAndPepper", "SaltAndPepper\SaltAndPepper.csproj", "{162B8F00-9560-4E52-B0B8-31C0B92B257E}"
EndProject
Project("{FAE04EC0-301F-11D3-BF4B-00C04F79EFBC}") = "SaltPepperNew", "SaltPepperNew\SaltPepperNew.csproj", "{3FB79171-8C19-4A93-B39B-975398668775}"
EndProject
Global
	GlobalSection(SolutionConfigurationPlatforms) = preSolution
		Debug|Any CPU = Debug|Any CPU
		Release|Any CPU = Release|Any CPU
	EndGlobalSection
	GlobalSection(ProjectConfigurationPlatforms) = postSolution
		{162B8F00-9560-4E52-B0B8-31C0B92B257E}.Debug|Any CPU.ActiveCfg = Debug|Any CPU
		{162B8F00-9560-4E52-B0B8-31C0B92B257E}.Debug|Any CPU.Build.0 = Debug|Any CPU
		{162B8F00-9560-4E52-B0B8-31C0B92B257E}.Release|Any CPU.ActiveCfg = Release|Any CPU
		{162B8F00-9560-4E52-B0B8-31C0B92B257E}.Release|Any CPU.Build.0 = Release|Any CPU
		{3FB79171-8C19-4A93-B39B-975398668775}.Debug|Any CPU.ActiveCfg = Debug|Any CPU
		{3FB79171-8C19-4A93-B39B-975398668775}.Debug|Any CPU.Build.0 = Debug|Any CPU
		{3FB79171-8C19-4A93-B39B-975398668775}.Release|Any CPU.ActiveCfg = Release|Any CPU
		{3FB79171-8C19-4A93-B39B-975398668775}.Release|Any CPU.Build.0 = Release|Any CPU
	EndGlobalSection
	GlobalSection(SolutionProperties) = preSolution
		HideSolutionNode = FALSE
	EndGlobalSection
EndGlobal
