
Microsoft Visual Studio Solution File, Format Version 12.00
# Visual Studio 2013
VisualStudioVersion = 12.0.21005.1
MinimumVisualStudioVersion = 10.0.40219.1
Project("{FAE04EC0-301F-11D3-BF4B-00C04F79EFBC}") = "Problem7.First Bit", "Problem7.First Bit\Problem7.First Bit.csproj", "{4772F986-0DCA-4D99-B3BA-207001C36396}"
EndProject
Project("{FAE04EC0-301F-11D3-BF4B-00C04F79EFBC}") = "Tri-bitSwitch", "Tri-bitSwitch\Tri-bitSwitch.csproj", "{EEF58E2C-C51E-42D6-BF85-F5BEC195D4DD}"
EndProject
Project("{FAE04EC0-301F-11D3-BF4B-00C04F79EFBC}") = "bitExchange", "bitExchange\bitExchange.csproj", "{75E39B46-D7EB-483E-B026-E6AFE91479D9}"
EndProject
Project("{FAE04EC0-301F-11D3-BF4B-00C04F79EFBC}") = "BitExchangeAdvanced", "BitExchangeAdvanced\BitExchangeAdvanced.csproj", "{11969C80-87F3-4607-9994-8987CB1436B7}"
EndProject
Project("{FAE04EC0-301F-11D3-BF4B-00C04F79EFBC}") = "nextTask", "nextTask\nextTask.csproj", "{F3286551-A022-4D5E-9088-9FF25C6FEF16}"
EndProject
Global
	GlobalSection(SolutionConfigurationPlatforms) = preSolution
		Debug|Any CPU = Debug|Any CPU
		Release|Any CPU = Release|Any CPU
	EndGlobalSection
	GlobalSection(ProjectConfigurationPlatforms) = postSolution
		{4772F986-0DCA-4D99-B3BA-207001C36396}.Debug|Any CPU.ActiveCfg = Debug|Any CPU
		{4772F986-0DCA-4D99-B3BA-207001C36396}.Debug|Any CPU.Build.0 = Debug|Any CPU
		{4772F986-0DCA-4D99-B3BA-207001C36396}.Release|Any CPU.ActiveCfg = Release|Any CPU
		{4772F986-0DCA-4D99-B3BA-207001C36396}.Release|Any CPU.Build.0 = Release|Any CPU
		{EEF58E2C-C51E-42D6-BF85-F5BEC195D4DD}.Debug|Any CPU.ActiveCfg = Debug|Any CPU
		{EEF58E2C-C51E-42D6-BF85-F5BEC195D4DD}.Debug|Any CPU.Build.0 = Debug|Any CPU
		{EEF58E2C-C51E-42D6-BF85-F5BEC195D4DD}.Release|Any CPU.ActiveCfg = Release|Any CPU
		{EEF58E2C-C51E-42D6-BF85-F5BEC195D4DD}.Release|Any CPU.Build.0 = Release|Any CPU
		{75E39B46-D7EB-483E-B026-E6AFE91479D9}.Debug|Any CPU.ActiveCfg = Debug|Any CPU
		{75E39B46-D7EB-483E-B026-E6AFE91479D9}.Debug|Any CPU.Build.0 = Debug|Any CPU
		{75E39B46-D7EB-483E-B026-E6AFE91479D9}.Release|Any CPU.ActiveCfg = Release|Any CPU
		{75E39B46-D7EB-483E-B026-E6AFE91479D9}.Release|Any CPU.Build.0 = Release|Any CPU
		{11969C80-87F3-4607-9994-8987CB1436B7}.Debug|Any CPU.ActiveCfg = Debug|Any CPU
		{11969C80-87F3-4607-9994-8987CB1436B7}.Debug|Any CPU.Build.0 = Debug|Any CPU
		{11969C80-87F3-4607-9994-8987CB1436B7}.Release|Any CPU.ActiveCfg = Release|Any CPU
		{11969C80-87F3-4607-9994-8987CB1436B7}.Release|Any CPU.Build.0 = Release|Any CPU
		{F3286551-A022-4D5E-9088-9FF25C6FEF16}.Debug|Any CPU.ActiveCfg = Debug|Any CPU
		{F3286551-A022-4D5E-9088-9FF25C6FEF16}.Debug|Any CPU.Build.0 = Debug|Any CPU
		{F3286551-A022-4D5E-9088-9FF25C6FEF16}.Release|Any CPU.ActiveCfg = Release|Any CPU
		{F3286551-A022-4D5E-9088-9FF25C6FEF16}.Release|Any CPU.Build.0 = Release|Any CPU
	EndGlobalSection
	GlobalSection(SolutionProperties) = preSolution
		HideSolutionNode = FALSE
	EndGlobalSection
EndGlobal
